
Microsoft Visual Studio Solution File, Format Version 12.00
# Visual Studio Version 16
VisualStudioVersion = 16.0.29326.143
MinimumVisualStudioVersion = 10.0.40219.1
Project("{FAE04EC0-301F-11D3-BF4B-00C04F79EFBC}") = "W01_Biblioteca", "W01_Biblioteca\W01_Biblioteca.csproj", "{A0566C1F-9D53-4A46-A8B7-05C890867FD6}"
EndProject
Global
	GlobalSection(SolutionConfigurationPlatforms) = preSolution
		Debug|Any CPU = Debug|Any CPU
		Release|Any CPU = Release|Any CPU
	EndGlobalSection
	GlobalSection(ProjectConfigurationPlatforms) = postSolution
		{A0566C1F-9D53-4A46-A8B7-05C890867FD6}.Debug|Any CPU.ActiveCfg = Debug|Any CPU
		{A0566C1F-9D53-4A46-A8B7-05C890867FD6}.Debug|Any CPU.Build.0 = Debug|Any CPU
		{A0566C1F-9D53-4A46-A8B7-05C890867FD6}.Release|Any CPU.ActiveCfg = Release|Any CPU
		{A0566C1F-9D53-4A46-A8B7-05C890867FD6}.Release|Any CPU.Build.0 = Release|Any CPU
	EndGlobalSection
	GlobalSection(SolutionProperties) = preSolution
		HideSolutionNode = FALSE
	EndGlobalSection
	GlobalSection(ExtensibilityGlobals) = postSolution
		SolutionGuid = {CC3E6F9C-0660-4117-B227-5BF08563389D}
	EndGlobalSection
EndGlobal
