
Microsoft Visual Studio Solution File, Format Version 12.00
# Visual Studio 16
Project("{FAE04EC0-301F-11D3-BF4B-00C04F79EFBC}") = "Assembly-CSharp", "Assembly-CSharp.csproj", "{D82E0669-F487-17AB-31F1-6123D9760312}"
EndProject
Project("{FAE04EC0-301F-11D3-BF4B-00C04F79EFBC}") = "Assembly-CSharp-Editor", "Assembly-CSharp-Editor.csproj", "{2F033C07-E819-9DB2-33ED-05FB61CE4A64}"
EndProject
Global
	GlobalSection(SolutionConfigurationPlatforms) = preSolution
		Debug|Any CPU = Debug|Any CPU
		Release|Any CPU = Release|Any CPU
	EndGlobalSection
	GlobalSection(ProjectConfigurationPlatforms) = postSolution
		{D82E0669-F487-17AB-31F1-6123D9760312}.Debug|Any CPU.ActiveCfg = Debug|Any CPU
		{D82E0669-F487-17AB-31F1-6123D9760312}.Debug|Any CPU.Build.0 = Debug|Any CPU
		{D82E0669-F487-17AB-31F1-6123D9760312}.Release|Any CPU.ActiveCfg = Release|Any CPU
		{D82E0669-F487-17AB-31F1-6123D9760312}.Release|Any CPU.Build.0 = Release|Any CPU
		{2F033C07-E819-9DB2-33ED-05FB61CE4A64}.Debug|Any CPU.ActiveCfg = Debug|Any CPU
		{2F033C07-E819-9DB2-33ED-05FB61CE4A64}.Debug|Any CPU.Build.0 = Debug|Any CPU
		{2F033C07-E819-9DB2-33ED-05FB61CE4A64}.Release|Any CPU.ActiveCfg = Release|Any CPU
		{2F033C07-E819-9DB2-33ED-05FB61CE4A64}.Release|Any CPU.Build.0 = Release|Any CPU
	EndGlobalSection
	GlobalSection(SolutionProperties) = preSolution
		HideSolutionNode = FALSE
	EndGlobalSection
EndGlobal
