
Microsoft Visual Studio Solution File, Format Version 12.00
# Visual Studio Version 16
VisualStudioVersion = 16.0.29324.140
MinimumVisualStudioVersion = 10.0.40219.1
Project("{FAE04EC0-301F-11D3-BF4B-00C04F79EFBC}") = "task list", "task list\task list.csproj", "{9E1479F3-3C2C-4DAC-AF3D-5965FF4EFBEE}"
EndProject
Global
	GlobalSection(SolutionConfigurationPlatforms) = preSolution
		Debug|Any CPU = Debug|Any CPU
		Release|Any CPU = Release|Any CPU
	EndGlobalSection
	GlobalSection(ProjectConfigurationPlatforms) = postSolution
		{9E1479F3-3C2C-4DAC-AF3D-5965FF4EFBEE}.Debug|Any CPU.ActiveCfg = Debug|Any CPU
		{9E1479F3-3C2C-4DAC-AF3D-5965FF4EFBEE}.Debug|Any CPU.Build.0 = Debug|Any CPU
		{9E1479F3-3C2C-4DAC-AF3D-5965FF4EFBEE}.Release|Any CPU.ActiveCfg = Release|Any CPU
		{9E1479F3-3C2C-4DAC-AF3D-5965FF4EFBEE}.Release|Any CPU.Build.0 = Release|Any CPU
	EndGlobalSection
	GlobalSection(SolutionProperties) = preSolution
		HideSolutionNode = FALSE
	EndGlobalSection
	GlobalSection(ExtensibilityGlobals) = postSolution
		SolutionGuid = {8ACEE141-6FFF-43D6-A618-588C3A22AF9A}
	EndGlobalSection
EndGlobal
